
Microsoft Visual Studio Solution File, Format Version 12.00
# Visual Studio Version 17
VisualStudioVersion = 17.4.33213.308
MinimumVisualStudioVersion = 10.0.40219.1
Project("{FAE04EC0-301F-11D3-BF4B-00C04F79EFBC}") = "BlazorBattleApp.Server", "BlazorBattleApp\Server\BlazorBattleApp.Server.csproj", "{0F91BB5A-CF97-4C4E-A742-F57C439C062A}"
EndProject
Project("{FAE04EC0-301F-11D3-BF4B-00C04F79EFBC}") = "BlazorBattleApp.Client", "BlazorBattleApp\Client\BlazorBattleApp.Client.csproj", "{82D29B28-2925-4A83-B867-F51DE501FBA2}"
EndProject
Project("{FAE04EC0-301F-11D3-BF4B-00C04F79EFBC}") = "BlazorBattleApp.Shared", "BlazorBattleApp\Shared\BlazorBattleApp.Shared.csproj", "{F88E96C9-56D5-4406-97E5-E80E596C2A94}"
EndProject
Global
	GlobalSection(SolutionConfigurationPlatforms) = preSolution
		Debug|Any CPU = Debug|Any CPU
		Release|Any CPU = Release|Any CPU
	EndGlobalSection
	GlobalSection(ProjectConfigurationPlatforms) = postSolution
		{0F91BB5A-CF97-4C4E-A742-F57C439C062A}.Debug|Any CPU.ActiveCfg = Debug|Any CPU
		{0F91BB5A-CF97-4C4E-A742-F57C439C062A}.Debug|Any CPU.Build.0 = Debug|Any CPU
		{0F91BB5A-CF97-4C4E-A742-F57C439C062A}.Release|Any CPU.ActiveCfg = Release|Any CPU
		{0F91BB5A-CF97-4C4E-A742-F57C439C062A}.Release|Any CPU.Build.0 = Release|Any CPU
		{82D29B28-2925-4A83-B867-F51DE501FBA2}.Debug|Any CPU.ActiveCfg = Debug|Any CPU
		{82D29B28-2925-4A83-B867-F51DE501FBA2}.Debug|Any CPU.Build.0 = Debug|Any CPU
		{82D29B28-2925-4A83-B867-F51DE501FBA2}.Release|Any CPU.ActiveCfg = Release|Any CPU
		{82D29B28-2925-4A83-B867-F51DE501FBA2}.Release|Any CPU.Build.0 = Release|Any CPU
		{F88E96C9-56D5-4406-97E5-E80E596C2A94}.Debug|Any CPU.ActiveCfg = Debug|Any CPU
		{F88E96C9-56D5-4406-97E5-E80E596C2A94}.Debug|Any CPU.Build.0 = Debug|Any CPU
		{F88E96C9-56D5-4406-97E5-E80E596C2A94}.Release|Any CPU.ActiveCfg = Release|Any CPU
		{F88E96C9-56D5-4406-97E5-E80E596C2A94}.Release|Any CPU.Build.0 = Release|Any CPU
	EndGlobalSection
	GlobalSection(SolutionProperties) = preSolution
		HideSolutionNode = FALSE
	EndGlobalSection
	GlobalSection(ExtensibilityGlobals) = postSolution
		SolutionGuid = {7014E1B2-957C-48B2-AEF3-19F639D91F4D}
	EndGlobalSection
EndGlobal
